// !$*UTF8*$!
{
	archiveVersion = 1;
	classes = {
	};
	objectVersion = 55;
	objects = {

/* Begin PBXBuildFile section */
		6C821C5F270584D700202C80 /* IGFeedPostTableViewCell.swift in Sources */ = {isa = PBXBuildFile; fileRef = 6C821C5E270584D600202C80 /* IGFeedPostTableViewCell.swift */; };
		6C821C622705867B00202C80 /* IGFeedPostHeaderTableViewCell.swift in Sources */ = {isa = PBXBuildFile; fileRef = 6C821C612705867B00202C80 /* IGFeedPostHeaderTableViewCell.swift */; };
		6C821C642705869200202C80 /* IGFeedPostActionsTableViewCell.swift in Sources */ = {isa = PBXBuildFile; fileRef = 6C821C632705869200202C80 /* IGFeedPostActionsTableViewCell.swift */; };
		6C821C66270586B200202C80 /* IGFeedPostGeneralTableViewCell.swift in Sources */ = {isa = PBXBuildFile; fileRef = 6C821C65270586B200202C80 /* IGFeedPostGeneralTableViewCell.swift */; };
		6C821C68270595BE00202C80 /* FormTableViewCell.swift in Sources */ = {isa = PBXBuildFile; fileRef = 6C821C67270595BE00202C80 /* FormTableViewCell.swift */; };
		6C821C6B27059C0A00202C80 /* PhotoCollectionViewCell.swift in Sources */ = {isa = PBXBuildFile; fileRef = 6C821C6A27059C0A00202C80 /* PhotoCollectionViewCell.swift */; };
		6C821C6D27059C4700202C80 /* ProfileInfoHeaderCollectionReusableView.swift in Sources */ = {isa = PBXBuildFile; fileRef = 6C821C6C27059C4700202C80 /* ProfileInfoHeaderCollectionReusableView.swift */; };
		6C821C6F27059C6600202C80 /* ProfileTabsCollectionReusableView.swift in Sources */ = {isa = PBXBuildFile; fileRef = 6C821C6E27059C6600202C80 /* ProfileTabsCollectionReusableView.swift */; };
		6CBEFA202703270B002A354C /* AppDelegate.swift in Sources */ = {isa = PBXBuildFile; fileRef = 6CBEFA1F2703270B002A354C /* AppDelegate.swift */; };
		6CBEFA222703270B002A354C /* SceneDelegate.swift in Sources */ = {isa = PBXBuildFile; fileRef = 6CBEFA212703270B002A354C /* SceneDelegate.swift */; };
		6CBEFA242703270B002A354C /* HomeViewController.swift in Sources */ = {isa = PBXBuildFile; fileRef = 6CBEFA232703270B002A354C /* HomeViewController.swift */; };
		6CBEFA272703270B002A354C /* Main.storyboard in Resources */ = {isa = PBXBuildFile; fileRef = 6CBEFA252703270B002A354C /* Main.storyboard */; };
		6CBEFA2A2703270B002A354C /* woogie_Instagram.xcdatamodeld in Sources */ = {isa = PBXBuildFile; fileRef = 6CBEFA282703270B002A354C /* woogie_Instagram.xcdatamodeld */; };
		6CBEFA2C2703270F002A354C /* Assets.xcassets in Resources */ = {isa = PBXBuildFile; fileRef = 6CBEFA2B2703270F002A354C /* Assets.xcassets */; };
		6CBEFA2F2703270F002A354C /* LaunchScreen.storyboard in Resources */ = {isa = PBXBuildFile; fileRef = 6CBEFA2D2703270F002A354C /* LaunchScreen.storyboard */; };
		6CBEFA3C27032A16002A354C /* ExploreViewController.swift in Sources */ = {isa = PBXBuildFile; fileRef = 6CBEFA3B27032A16002A354C /* ExploreViewController.swift */; };
		6CBEFA3E27032A38002A354C /* CameraViewController.swift in Sources */ = {isa = PBXBuildFile; fileRef = 6CBEFA3D27032A38002A354C /* CameraViewController.swift */; };
		6CBEFA4027032A49002A354C /* NotificationsViewController.swift in Sources */ = {isa = PBXBuildFile; fileRef = 6CBEFA3F27032A49002A354C /* NotificationsViewController.swift */; };
		6CBEFA4227032A58002A354C /* ProfileViewController.swift in Sources */ = {isa = PBXBuildFile; fileRef = 6CBEFA4127032A58002A354C /* ProfileViewController.swift */; };
		6CBEFA4827032AD6002A354C /* LoginViewController.swift in Sources */ = {isa = PBXBuildFile; fileRef = 6CBEFA4727032AD6002A354C /* LoginViewController.swift */; };
		6CBEFA4B27032AEC002A354C /* RegistrationViewController.swift in Sources */ = {isa = PBXBuildFile; fileRef = 6CBEFA4A27032AEC002A354C /* RegistrationViewController.swift */; };
		6CBEFA4D27032B0C002A354C /* PostViewController.swift in Sources */ = {isa = PBXBuildFile; fileRef = 6CBEFA4C27032B0C002A354C /* PostViewController.swift */; };
		6CBEFA4F27032B23002A354C /* EditProfileViewController.swift in Sources */ = {isa = PBXBuildFile; fileRef = 6CBEFA4E27032B23002A354C /* EditProfileViewController.swift */; };
		6CBEFA5127032B31002A354C /* SettingsViewController.swift in Sources */ = {isa = PBXBuildFile; fileRef = 6CBEFA5027032B31002A354C /* SettingsViewController.swift */; };
		6CBEFA5327032B43002A354C /* ListViewController.swift in Sources */ = {isa = PBXBuildFile; fileRef = 6CBEFA5227032B43002A354C /* ListViewController.swift */; };
		6CBEFA5527032B5B002A354C /* SearchViewController.swift in Sources */ = {isa = PBXBuildFile; fileRef = 6CBEFA5427032B5B002A354C /* SearchViewController.swift */; };
		6CBEFA5727032B65002A354C /* SearchResultViewController.swift in Sources */ = {isa = PBXBuildFile; fileRef = 6CBEFA5627032B65002A354C /* SearchResultViewController.swift */; };
		6CBEFA5927032B8B002A354C /* PostEditorViewController.swift in Sources */ = {isa = PBXBuildFile; fileRef = 6CBEFA5827032B8B002A354C /* PostEditorViewController.swift */; };
		6CBEFA5B27032BB0002A354C /* PublishPostViewController.swift in Sources */ = {isa = PBXBuildFile; fileRef = 6CBEFA5A27032BB0002A354C /* PublishPostViewController.swift */; };
		6CBEFA5D2703320D002A354C /* GoogleService-Info.plist in Resources */ = {isa = PBXBuildFile; fileRef = 6CBEFA5C2703320D002A354C /* GoogleService-Info.plist */; };
		6CBEFA602703E53D002A354C /* DatabaseManager.swift in Sources */ = {isa = PBXBuildFile; fileRef = 6CBEFA5F2703E53D002A354C /* DatabaseManager.swift */; };
		6CBEFA622703E5BD002A354C /* AuthManager.swift in Sources */ = {isa = PBXBuildFile; fileRef = 6CBEFA612703E5BD002A354C /* AuthManager.swift */; };
		6CBEFA642703E5E0002A354C /* StorageManager.swift in Sources */ = {isa = PBXBuildFile; fileRef = 6CBEFA632703E5E0002A354C /* StorageManager.swift */; };
		6CBEFA662703EAB5002A354C /* Extension.swift in Sources */ = {isa = PBXBuildFile; fileRef = 6CBEFA652703EAB5002A354C /* Extension.swift */; };
		6CBF4F89270693B500AEF16C /* Models.swift in Sources */ = {isa = PBXBuildFile; fileRef = 6CBF4F88270693B400AEF16C /* Models.swift */; };
		D10F71B6E31D79F8D99A8189 /* Pods_woogie_Instagram.framework in Frameworks */ = {isa = PBXBuildFile; fileRef = 7CBC4012C5F569B8861F8F22 /* Pods_woogie_Instagram.framework */; };
/* End PBXBuildFile section */

/* Begin PBXFileReference section */
		0C3C2D6D5F674E4132B8897B /* Pods-woogie-Instagram.debug.xcconfig */ = {isa = PBXFileReference; includeInIndex = 1; lastKnownFileType = text.xcconfig; name = "Pods-woogie-Instagram.debug.xcconfig"; path = "Target Support Files/Pods-woogie-Instagram/Pods-woogie-Instagram.debug.xcconfig"; sourceTree = "<group>"; };
		6C821C5E270584D600202C80 /* IGFeedPostTableViewCell.swift */ = {isa = PBXFileReference; lastKnownFileType = sourcecode.swift; path = IGFeedPostTableViewCell.swift; sourceTree = "<group>"; };
		6C821C612705867B00202C80 /* IGFeedPostHeaderTableViewCell.swift */ = {isa = PBXFileReference; lastKnownFileType = sourcecode.swift; path = IGFeedPostHeaderTableViewCell.swift; sourceTree = "<group>"; };
		6C821C632705869200202C80 /* IGFeedPostActionsTableViewCell.swift */ = {isa = PBXFileReference; lastKnownFileType = sourcecode.swift; path = IGFeedPostActionsTableViewCell.swift; sourceTree = "<group>"; };
		6C821C65270586B200202C80 /* IGFeedPostGeneralTableViewCell.swift */ = {isa = PBXFileReference; lastKnownFileType = sourcecode.swift; path = IGFeedPostGeneralTableViewCell.swift; sourceTree = "<group>"; };
		6C821C67270595BE00202C80 /* FormTableViewCell.swift */ = {isa = PBXFileReference; lastKnownFileType = sourcecode.swift; path = FormTableViewCell.swift; sourceTree = "<group>"; };
		6C821C6A27059C0A00202C80 /* PhotoCollectionViewCell.swift */ = {isa = PBXFileReference; lastKnownFileType = sourcecode.swift; path = PhotoCollectionViewCell.swift; sourceTree = "<group>"; };
		6C821C6C27059C4700202C80 /* ProfileInfoHeaderCollectionReusableView.swift */ = {isa = PBXFileReference; lastKnownFileType = sourcecode.swift; path = ProfileInfoHeaderCollectionReusableView.swift; sourceTree = "<group>"; };
		6C821C6E27059C6600202C80 /* ProfileTabsCollectionReusableView.swift */ = {isa = PBXFileReference; lastKnownFileType = sourcecode.swift; path = ProfileTabsCollectionReusableView.swift; sourceTree = "<group>"; };
		6CBEFA1C2703270B002A354C /* woogie-Instagram.app */ = {isa = PBXFileReference; explicitFileType = wrapper.application; includeInIndex = 0; path = "woogie-Instagram.app"; sourceTree = BUILT_PRODUCTS_DIR; };
		6CBEFA1F2703270B002A354C /* AppDelegate.swift */ = {isa = PBXFileReference; lastKnownFileType = sourcecode.swift; path = AppDelegate.swift; sourceTree = "<group>"; };
		6CBEFA212703270B002A354C /* SceneDelegate.swift */ = {isa = PBXFileReference; lastKnownFileType = sourcecode.swift; path = SceneDelegate.swift; sourceTree = "<group>"; };
		6CBEFA232703270B002A354C /* HomeViewController.swift */ = {isa = PBXFileReference; lastKnownFileType = sourcecode.swift; path = HomeViewController.swift; sourceTree = "<group>"; };
		6CBEFA262703270B002A354C /* Base */ = {isa = PBXFileReference; lastKnownFileType = file.storyboard; name = Base; path = Base.lproj/Main.storyboard; sourceTree = "<group>"; };
		6CBEFA292703270B002A354C /* woogie_Instagram.xcdatamodel */ = {isa = PBXFileReference; lastKnownFileType = wrapper.xcdatamodel; path = woogie_Instagram.xcdatamodel; sourceTree = "<group>"; };
		6CBEFA2B2703270F002A354C /* Assets.xcassets */ = {isa = PBXFileReference; lastKnownFileType = folder.assetcatalog; path = Assets.xcassets; sourceTree = "<group>"; };
		6CBEFA2E2703270F002A354C /* Base */ = {isa = PBXFileReference; lastKnownFileType = file.storyboard; name = Base; path = Base.lproj/LaunchScreen.storyboard; sourceTree = "<group>"; };
		6CBEFA302703270F002A354C /* Info.plist */ = {isa = PBXFileReference; lastKnownFileType = text.plist.xml; path = Info.plist; sourceTree = "<group>"; };
		6CBEFA3B27032A16002A354C /* ExploreViewController.swift */ = {isa = PBXFileReference; lastKnownFileType = sourcecode.swift; path = ExploreViewController.swift; sourceTree = "<group>"; };
		6CBEFA3D27032A38002A354C /* CameraViewController.swift */ = {isa = PBXFileReference; lastKnownFileType = sourcecode.swift; path = CameraViewController.swift; sourceTree = "<group>"; };
		6CBEFA3F27032A49002A354C /* NotificationsViewController.swift */ = {isa = PBXFileReference; lastKnownFileType = sourcecode.swift; path = NotificationsViewController.swift; sourceTree = "<group>"; };
		6CBEFA4127032A58002A354C /* ProfileViewController.swift */ = {isa = PBXFileReference; lastKnownFileType = sourcecode.swift; path = ProfileViewController.swift; sourceTree = "<group>"; };
		6CBEFA4727032AD6002A354C /* LoginViewController.swift */ = {isa = PBXFileReference; lastKnownFileType = sourcecode.swift; path = LoginViewController.swift; sourceTree = "<group>"; };
		6CBEFA4A27032AEC002A354C /* RegistrationViewController.swift */ = {isa = PBXFileReference; lastKnownFileType = sourcecode.swift; path = RegistrationViewController.swift; sourceTree = "<group>"; };
		6CBEFA4C27032B0C002A354C /* PostViewController.swift */ = {isa = PBXFileReference; lastKnownFileType = sourcecode.swift; path = PostViewController.swift; sourceTree = "<group>"; };
		6CBEFA4E27032B23002A354C /* EditProfileViewController.swift */ = {isa = PBXFileReference; lastKnownFileType = sourcecode.swift; path = EditProfileViewController.swift; sourceTree = "<group>"; };
		6CBEFA5027032B31002A354C /* SettingsViewController.swift */ = {isa = PBXFileReference; lastKnownFileType = sourcecode.swift; path = SettingsViewController.swift; sourceTree = "<group>"; };
		6CBEFA5227032B43002A354C /* ListViewController.swift */ = {isa = PBXFileReference; lastKnownFileType = sourcecode.swift; path = ListViewController.swift; sourceTree = "<group>"; };
		6CBEFA5427032B5B002A354C /* SearchViewController.swift */ = {isa = PBXFileReference; lastKnownFileType = sourcecode.swift; path = SearchViewController.swift; sourceTree = "<group>"; };
		6CBEFA5627032B65002A354C /* SearchResultViewController.swift */ = {isa = PBXFileReference; lastKnownFileType = sourcecode.swift; path = SearchResultViewController.swift; sourceTree = "<group>"; };
		6CBEFA5827032B8B002A354C /* PostEditorViewController.swift */ = {isa = PBXFileReference; lastKnownFileType = sourcecode.swift; path = PostEditorViewController.swift; sourceTree = "<group>"; };
		6CBEFA5A27032BB0002A354C /* PublishPostViewController.swift */ = {isa = PBXFileReference; lastKnownFileType = sourcecode.swift; path = PublishPostViewController.swift; sourceTree = "<group>"; };
		6CBEFA5C2703320D002A354C /* GoogleService-Info.plist */ = {isa = PBXFileReference; fileEncoding = 4; lastKnownFileType = text.plist.xml; path = "GoogleService-Info.plist"; sourceTree = "<group>"; };
		6CBEFA5F2703E53D002A354C /* DatabaseManager.swift */ = {isa = PBXFileReference; lastKnownFileType = sourcecode.swift; path = DatabaseManager.swift; sourceTree = "<group>"; };
		6CBEFA612703E5BD002A354C /* AuthManager.swift */ = {isa = PBXFileReference; lastKnownFileType = sourcecode.swift; path = AuthManager.swift; sourceTree = "<group>"; };
		6CBEFA632703E5E0002A354C /* StorageManager.swift */ = {isa = PBXFileReference; lastKnownFileType = sourcecode.swift; path = StorageManager.swift; sourceTree = "<group>"; };
		6CBEFA652703EAB5002A354C /* Extension.swift */ = {isa = PBXFileReference; lastKnownFileType = sourcecode.swift; path = Extension.swift; sourceTree = "<group>"; };
		6CBF4F88270693B400AEF16C /* Models.swift */ = {isa = PBXFileReference; lastKnownFileType = sourcecode.swift; path = Models.swift; sourceTree = "<group>"; };
		7CBC4012C5F569B8861F8F22 /* Pods_woogie_Instagram.framework */ = {isa = PBXFileReference; explicitFileType = wrapper.framework; includeInIndex = 0; path = Pods_woogie_Instagram.framework; sourceTree = BUILT_PRODUCTS_DIR; };
		D7334941AA76ED6E237290BB /* Pods-woogie-Instagram.release.xcconfig */ = {isa = PBXFileReference; includeInIndex = 1; lastKnownFileType = text.xcconfig; name = "Pods-woogie-Instagram.release.xcconfig"; path = "Target Support Files/Pods-woogie-Instagram/Pods-woogie-Instagram.release.xcconfig"; sourceTree = "<group>"; };
/* End PBXFileReference section */

/* Begin PBXFrameworksBuildPhase section */
		6CBEFA192703270B002A354C /* Frameworks */ = {
			isa = PBXFrameworksBuildPhase;
			buildActionMask = 2147483647;
			files = (
				D10F71B6E31D79F8D99A8189 /* Pods_woogie_Instagram.framework in Frameworks */,
			);
			runOnlyForDeploymentPostprocessing = 0;
		};
/* End PBXFrameworksBuildPhase section */

/* Begin PBXGroup section */
		6C821C5D270584B900202C80 /* Cells */ = {
			isa = PBXGroup;
			children = (
				6C821C602705865900202C80 /* Home Feed */,
				6C821C67270595BE00202C80 /* FormTableViewCell.swift */,
				6C821C6A27059C0A00202C80 /* PhotoCollectionViewCell.swift */,
			);
			path = Cells;
			sourceTree = "<group>";
		};
		6C821C602705865900202C80 /* Home Feed */ = {
			isa = PBXGroup;
			children = (
				6C821C5E270584D600202C80 /* IGFeedPostTableViewCell.swift */,
				6C821C612705867B00202C80 /* IGFeedPostHeaderTableViewCell.swift */,
				6C821C632705869200202C80 /* IGFeedPostActionsTableViewCell.swift */,
				6C821C65270586B200202C80 /* IGFeedPostGeneralTableViewCell.swift */,
			);
			path = "Home Feed";
			sourceTree = "<group>";
		};
		6C821C6927059BDB00202C80 /* CollectionView Headers */ = {
			isa = PBXGroup;
			children = (
				6C821C6C27059C4700202C80 /* ProfileInfoHeaderCollectionReusableView.swift */,
				6C821C6E27059C6600202C80 /* ProfileTabsCollectionReusableView.swift */,
			);
			path = "CollectionView Headers";
			sourceTree = "<group>";
		};
		6CBEFA132703270B002A354C = {
			isa = PBXGroup;
			children = (
				6CBEFA1E2703270B002A354C /* woogie-Instagram */,
				6CBEFA1D2703270B002A354C /* Products */,
				E314ED62A438AE3B48B7B676 /* Pods */,
				CB3DC642E2182CBD2062E8E4 /* Frameworks */,
			);
			sourceTree = "<group>";
		};
		6CBEFA1D2703270B002A354C /* Products */ = {
			isa = PBXGroup;
			children = (
				6CBEFA1C2703270B002A354C /* woogie-Instagram.app */,
			);
			name = Products;
			sourceTree = "<group>";
		};
		6CBEFA1E2703270B002A354C /* woogie-Instagram */ = {
			isa = PBXGroup;
			children = (
				6CBEFA3927032985002A354C /* Resources */,
				6CBEFA3827032975002A354C /* Models */,
				6CBEFA372703296F002A354C /* Views */,
				6CBEFA362703295D002A354C /* Controllers */,
				6CBEFA302703270F002A354C /* Info.plist */,
				6CBEFA282703270B002A354C /* woogie_Instagram.xcdatamodeld */,
			);
			path = "woogie-Instagram";
			sourceTree = "<group>";
		};
		6CBEFA362703295D002A354C /* Controllers */ = {
			isa = PBXGroup;
			children = (
				6CBEFA4427032AA9002A354C /* Other */,
				6CBEFA4327032A74002A354C /* Core Tabs */,
			);
			path = Controllers;
			sourceTree = "<group>";
		};
		6CBEFA372703296F002A354C /* Views */ = {
			isa = PBXGroup;
			children = (
				6C821C6927059BDB00202C80 /* CollectionView Headers */,
				6C821C5D270584B900202C80 /* Cells */,
				6CBEFA3A270329B6002A354C /* Storyboards */,
				6CBEFA2B2703270F002A354C /* Assets.xcassets */,
			);
			path = Views;
			sourceTree = "<group>";
		};
		6CBEFA3827032975002A354C /* Models */ = {
			isa = PBXGroup;
			children = (
				6CBF4F88270693B400AEF16C /* Models.swift */,
			);
			path = Models;
			sourceTree = "<group>";
		};
		6CBEFA3927032985002A354C /* Resources */ = {
			isa = PBXGroup;
			children = (
				6CBEFA5C2703320D002A354C /* GoogleService-Info.plist */,
				6CBEFA1F2703270B002A354C /* AppDelegate.swift */,
				6CBEFA212703270B002A354C /* SceneDelegate.swift */,
				6CBEFA5F2703E53D002A354C /* DatabaseManager.swift */,
				6CBEFA612703E5BD002A354C /* AuthManager.swift */,
				6CBEFA632703E5E0002A354C /* StorageManager.swift */,
				6CBEFA652703EAB5002A354C /* Extension.swift */,
			);
			path = Resources;
			sourceTree = "<group>";
		};
		6CBEFA3A270329B6002A354C /* Storyboards */ = {
			isa = PBXGroup;
			children = (
				6CBEFA252703270B002A354C /* Main.storyboard */,
				6CBEFA2D2703270F002A354C /* LaunchScreen.storyboard */,
			);
			path = Storyboards;
			sourceTree = "<group>";
		};
		6CBEFA4327032A74002A354C /* Core Tabs */ = {
			isa = PBXGroup;
			children = (
				6CBEFA232703270B002A354C /* HomeViewController.swift */,
				6CBEFA3B27032A16002A354C /* ExploreViewController.swift */,
				6CBEFA3D27032A38002A354C /* CameraViewController.swift */,
				6CBEFA3F27032A49002A354C /* NotificationsViewController.swift */,
				6CBEFA4127032A58002A354C /* ProfileViewController.swift */,
			);
			path = "Core Tabs";
			sourceTree = "<group>";
		};
		6CBEFA4427032AA9002A354C /* Other */ = {
			isa = PBXGroup;
			children = (
				6CBEFA4627032AC0002A354C /* Onboarding */,
				6CBEFA5E2703E455002A354C /* General */,
			);
			path = Other;
			sourceTree = "<group>";
		};
		6CBEFA4627032AC0002A354C /* Onboarding */ = {
			isa = PBXGroup;
			children = (
				6CBEFA4727032AD6002A354C /* LoginViewController.swift */,
				6CBEFA4A27032AEC002A354C /* RegistrationViewController.swift */,
			);
			path = Onboarding;
			sourceTree = "<group>";
		};
		6CBEFA5E2703E455002A354C /* General */ = {
			isa = PBXGroup;
			children = (
				6CBEFA5027032B31002A354C /* SettingsViewController.swift */,
				6CBEFA4C27032B0C002A354C /* PostViewController.swift */,
				6CBEFA4E27032B23002A354C /* EditProfileViewController.swift */,
				6CBEFA5227032B43002A354C /* ListViewController.swift */,
				6CBEFA5427032B5B002A354C /* SearchViewController.swift */,
				6CBEFA5627032B65002A354C /* SearchResultViewController.swift */,
				6CBEFA5827032B8B002A354C /* PostEditorViewController.swift */,
				6CBEFA5A27032BB0002A354C /* PublishPostViewController.swift */,
			);
			path = General;
			sourceTree = "<group>";
		};
		CB3DC642E2182CBD2062E8E4 /* Frameworks */ = {
			isa = PBXGroup;
			children = (
				7CBC4012C5F569B8861F8F22 /* Pods_woogie_Instagram.framework */,
			);
			name = Frameworks;
			sourceTree = "<group>";
		};
		E314ED62A438AE3B48B7B676 /* Pods */ = {
			isa = PBXGroup;
			children = (
				0C3C2D6D5F674E4132B8897B /* Pods-woogie-Instagram.debug.xcconfig */,
				D7334941AA76ED6E237290BB /* Pods-woogie-Instagram.release.xcconfig */,
			);
			path = Pods;
			sourceTree = "<group>";
		};
/* End PBXGroup section */

/* Begin PBXNativeTarget section */
		6CBEFA1B2703270B002A354C /* woogie-Instagram */ = {
			isa = PBXNativeTarget;
			buildConfigurationList = 6CBEFA332703270F002A354C /* Build configuration list for PBXNativeTarget "woogie-Instagram" */;
			buildPhases = (
				1487E6487836D99B39342647 /* [CP] Check Pods Manifest.lock */,
				6CBEFA182703270B002A354C /* Sources */,
				6CBEFA192703270B002A354C /* Frameworks */,
				6CBEFA1A2703270B002A354C /* Resources */,
				7B15DB8F29A569A611B828D6 /* [CP] Embed Pods Frameworks */,
			);
			buildRules = (
			);
			dependencies = (
			);
			name = "woogie-Instagram";
			productName = "woogie-Instagram";
			productReference = 6CBEFA1C2703270B002A354C /* woogie-Instagram.app */;
			productType = "com.apple.product-type.application";
		};
/* End PBXNativeTarget section */

/* Begin PBXProject section */
		6CBEFA142703270B002A354C /* Project object */ = {
			isa = PBXProject;
			attributes = {
				BuildIndependentTargetsInParallel = 1;
				LastSwiftUpdateCheck = 1300;
				LastUpgradeCheck = 1300;
				TargetAttributes = {
					6CBEFA1B2703270B002A354C = {
						CreatedOnToolsVersion = 13.0;
					};
				};
			};
			buildConfigurationList = 6CBEFA172703270B002A354C /* Build configuration list for PBXProject "woogie-Instagram" */;
			compatibilityVersion = "Xcode 13.0";
			developmentRegion = en;
			hasScannedForEncodings = 0;
			knownRegions = (
				en,
				Base,
			);
			mainGroup = 6CBEFA132703270B002A354C;
			productRefGroup = 6CBEFA1D2703270B002A354C /* Products */;
			projectDirPath = "";
			projectRoot = "";
			targets = (
				6CBEFA1B2703270B002A354C /* woogie-Instagram */,
			);
		};
/* End PBXProject section */

/* Begin PBXResourcesBuildPhase section */
		6CBEFA1A2703270B002A354C /* Resources */ = {
			isa = PBXResourcesBuildPhase;
			buildActionMask = 2147483647;
			files = (
				6CBEFA2F2703270F002A354C /* LaunchScreen.storyboard in Resources */,
				6CBEFA5D2703320D002A354C /* GoogleService-Info.plist in Resources */,
				6CBEFA2C2703270F002A354C /* Assets.xcassets in Resources */,
				6CBEFA272703270B002A354C /* Main.storyboard in Resources */,
			);
			runOnlyForDeploymentPostprocessing = 0;
		};
/* End PBXResourcesBuildPhase section */

/* Begin PBXShellScriptBuildPhase section */
		1487E6487836D99B39342647 /* [CP] Check Pods Manifest.lock */ = {
			isa = PBXShellScriptBuildPhase;
			buildActionMask = 2147483647;
			files = (
			);
			inputFileListPaths = (
			);
			inputPaths = (
				"${PODS_PODFILE_DIR_PATH}/Podfile.lock",
				"${PODS_ROOT}/Manifest.lock",
			);
			name = "[CP] Check Pods Manifest.lock";
			outputFileListPaths = (
			);
			outputPaths = (
				"$(DERIVED_FILE_DIR)/Pods-woogie-Instagram-checkManifestLockResult.txt",
			);
			runOnlyForDeploymentPostprocessing = 0;
			shellPath = /bin/sh;
			shellScript = "diff \"${PODS_PODFILE_DIR_PATH}/Podfile.lock\" \"${PODS_ROOT}/Manifest.lock\" > /dev/null\nif [ $? != 0 ] ; then\n    # print error to STDERR\n    echo \"error: The sandbox is not in sync with the Podfile.lock. Run 'pod install' or update your CocoaPods installation.\" >&2\n    exit 1\nfi\n# This output is used by Xcode 'outputs' to avoid re-running this script phase.\necho \"SUCCESS\" > \"${SCRIPT_OUTPUT_FILE_0}\"\n";
			showEnvVarsInLog = 0;
		};
		7B15DB8F29A569A611B828D6 /* [CP] Embed Pods Frameworks */ = {
			isa = PBXShellScriptBuildPhase;
			buildActionMask = 2147483647;
			files = (
			);
			inputFileListPaths = (
				"${PODS_ROOT}/Target Support Files/Pods-woogie-Instagram/Pods-woogie-Instagram-frameworks-${CONFIGURATION}-input-files.xcfilelist",
			);
			name = "[CP] Embed Pods Frameworks";
			outputFileListPaths = (
				"${PODS_ROOT}/Target Support Files/Pods-woogie-Instagram/Pods-woogie-Instagram-frameworks-${CONFIGURATION}-output-files.xcfilelist",
			);
			runOnlyForDeploymentPostprocessing = 0;
			shellPath = /bin/sh;
			shellScript = "\"${PODS_ROOT}/Target Support Files/Pods-woogie-Instagram/Pods-woogie-Instagram-frameworks.sh\"\n";
			showEnvVarsInLog = 0;
		};
/* End PBXShellScriptBuildPhase section */

/* Begin PBXSourcesBuildPhase section */
		6CBEFA182703270B002A354C /* Sources */ = {
			isa = PBXSourcesBuildPhase;
			buildActionMask = 2147483647;
			files = (
				6CBEFA5527032B5B002A354C /* SearchViewController.swift in Sources */,
				6CBEFA4827032AD6002A354C /* LoginViewController.swift in Sources */,
				6CBEFA2A2703270B002A354C /* woogie_Instagram.xcdatamodeld in Sources */,
				6CBEFA642703E5E0002A354C /* StorageManager.swift in Sources */,
				6C821C622705867B00202C80 /* IGFeedPostHeaderTableViewCell.swift in Sources */,
				6CBEFA242703270B002A354C /* HomeViewController.swift in Sources */,
				6CBEFA5927032B8B002A354C /* PostEditorViewController.swift in Sources */,
				6CBEFA3C27032A16002A354C /* ExploreViewController.swift in Sources */,
				6C821C66270586B200202C80 /* IGFeedPostGeneralTableViewCell.swift in Sources */,
				6CBEFA662703EAB5002A354C /* Extension.swift in Sources */,
				6C821C68270595BE00202C80 /* FormTableViewCell.swift in Sources */,
				6C821C5F270584D700202C80 /* IGFeedPostTableViewCell.swift in Sources */,
				6CBEFA4B27032AEC002A354C /* RegistrationViewController.swift in Sources */,
				6CBEFA4027032A49002A354C /* NotificationsViewController.swift in Sources */,
				6CBEFA5327032B43002A354C /* ListViewController.swift in Sources */,
				6C821C6D27059C4700202C80 /* ProfileInfoHeaderCollectionReusableView.swift in Sources */,
				6CBEFA622703E5BD002A354C /* AuthManager.swift in Sources */,
				6CBEFA202703270B002A354C /* AppDelegate.swift in Sources */,
				6CBEFA5B27032BB0002A354C /* PublishPostViewController.swift in Sources */,
				6C821C6F27059C6600202C80 /* ProfileTabsCollectionReusableView.swift in Sources */,
				6CBEFA222703270B002A354C /* SceneDelegate.swift in Sources */,
				6CBEFA4F27032B23002A354C /* EditProfileViewController.swift in Sources */,
				6CBEFA4227032A58002A354C /* ProfileViewController.swift in Sources */,
				6CBEFA602703E53D002A354C /* DatabaseManager.swift in Sources */,
				6CBF4F89270693B500AEF16C /* Models.swift in Sources */,
				6CBEFA5127032B31002A354C /* SettingsViewController.swift in Sources */,
				6CBEFA3E27032A38002A354C /* CameraViewController.swift in Sources */,
				6C821C642705869200202C80 /* IGFeedPostActionsTableViewCell.swift in Sources */,
				6C821C6B27059C0A00202C80 /* PhotoCollectionViewCell.swift in Sources */,
				6CBEFA5727032B65002A354C /* SearchResultViewController.swift in Sources */,
				6CBEFA4D27032B0C002A354C /* PostViewController.swift in Sources */,
			);
			runOnlyForDeploymentPostprocessing = 0;
		};
/* End PBXSourcesBuildPhase section */

/* Begin PBXVariantGroup section */
		6CBEFA252703270B002A354C /* Main.storyboard */ = {
			isa = PBXVariantGroup;
			children = (
				6CBEFA262703270B002A354C /* Base */,
			);
			name = Main.storyboard;
			sourceTree = "<group>";
		};
		6CBEFA2D2703270F002A354C /* LaunchScreen.storyboard */ = {
			isa = PBXVariantGroup;
			children = (
				6CBEFA2E2703270F002A354C /* Base */,
			);
			name = LaunchScreen.storyboard;
			sourceTree = "<group>";
		};
/* End PBXVariantGroup section */

/* Begin XCBuildConfiguration section */
		6CBEFA312703270F002A354C /* Debug */ = {
			isa = XCBuildConfiguration;
			buildSettings = {
				ALWAYS_SEARCH_USER_PATHS = NO;
				CLANG_ANALYZER_NONNULL = YES;
				CLANG_ANALYZER_NUMBER_OBJECT_CONVERSION = YES_AGGRESSIVE;
				CLANG_CXX_LANGUAGE_STANDARD = "gnu++17";
				CLANG_CXX_LIBRARY = "libc++";
				CLANG_ENABLE_MODULES = YES;
				CLANG_ENABLE_OBJC_ARC = YES;
				CLANG_ENABLE_OBJC_WEAK = YES;
				CLANG_WARN_BLOCK_CAPTURE_AUTORELEASING = YES;
				CLANG_WARN_BOOL_CONVERSION = YES;
				CLANG_WARN_COMMA = YES;
				CLANG_WARN_CONSTANT_CONVERSION = YES;
				CLANG_WARN_DEPRECATED_OBJC_IMPLEMENTATIONS = YES;
				CLANG_WARN_DIRECT_OBJC_ISA_USAGE = YES_ERROR;
				CLANG_WARN_DOCUMENTATION_COMMENTS = YES;
				CLANG_WARN_EMPTY_BODY = YES;
				CLANG_WARN_ENUM_CONVERSION = YES;
				CLANG_WARN_INFINITE_RECURSION = YES;
				CLANG_WARN_INT_CONVERSION = YES;
				CLANG_WARN_NON_LITERAL_NULL_CONVERSION = YES;
				CLANG_WARN_OBJC_IMPLICIT_RETAIN_SELF = YES;
				CLANG_WARN_OBJC_LITERAL_CONVERSION = YES;
				CLANG_WARN_OBJC_ROOT_CLASS = YES_ERROR;
				CLANG_WARN_QUOTED_INCLUDE_IN_FRAMEWORK_HEADER = YES;
				CLANG_WARN_RANGE_LOOP_ANALYSIS = YES;
				CLANG_WARN_STRICT_PROTOTYPES = YES;
				CLANG_WARN_SUSPICIOUS_MOVE = YES;
				CLANG_WARN_UNGUARDED_AVAILABILITY = YES_AGGRESSIVE;
				CLANG_WARN_UNREACHABLE_CODE = YES;
				CLANG_WARN__DUPLICATE_METHOD_MATCH = YES;
				COPY_PHASE_STRIP = NO;
				DEBUG_INFORMATION_FORMAT = dwarf;
				ENABLE_STRICT_OBJC_MSGSEND = YES;
				ENABLE_TESTABILITY = YES;
				GCC_C_LANGUAGE_STANDARD = gnu11;
				GCC_DYNAMIC_NO_PIC = NO;
				GCC_NO_COMMON_BLOCKS = YES;
				GCC_OPTIMIZATION_LEVEL = 0;
				GCC_PREPROCESSOR_DEFINITIONS = (
					"DEBUG=1",
					"$(inherited)",
				);
				GCC_WARN_64_TO_32_BIT_CONVERSION = YES;
				GCC_WARN_ABOUT_RETURN_TYPE = YES_ERROR;
				GCC_WARN_UNDECLARED_SELECTOR = YES;
				GCC_WARN_UNINITIALIZED_AUTOS = YES_AGGRESSIVE;
				GCC_WARN_UNUSED_FUNCTION = YES;
				GCC_WARN_UNUSED_VARIABLE = YES;
				IPHONEOS_DEPLOYMENT_TARGET = 14.0;
				MTL_ENABLE_DEBUG_INFO = INCLUDE_SOURCE;
				MTL_FAST_MATH = YES;
				ONLY_ACTIVE_ARCH = YES;
				SDKROOT = iphoneos;
				SWIFT_ACTIVE_COMPILATION_CONDITIONS = DEBUG;
				SWIFT_OPTIMIZATION_LEVEL = "-Onone";
			};
			name = Debug;
		};
		6CBEFA322703270F002A354C /* Release */ = {
			isa = XCBuildConfiguration;
			buildSettings = {
				ALWAYS_SEARCH_USER_PATHS = NO;
				CLANG_ANALYZER_NONNULL = YES;
				CLANG_ANALYZER_NUMBER_OBJECT_CONVERSION = YES_AGGRESSIVE;
				CLANG_CXX_LANGUAGE_STANDARD = "gnu++17";
				CLANG_CXX_LIBRARY = "libc++";
				CLANG_ENABLE_MODULES = YES;
				CLANG_ENABLE_OBJC_ARC = YES;
				CLANG_ENABLE_OBJC_WEAK = YES;
				CLANG_WARN_BLOCK_CAPTURE_AUTORELEASING = YES;
				CLANG_WARN_BOOL_CONVERSION = YES;
				CLANG_WARN_COMMA = YES;
				CLANG_WARN_CONSTANT_CONVERSION = YES;
				CLANG_WARN_DEPRECATED_OBJC_IMPLEMENTATIONS = YES;
				CLANG_WARN_DIRECT_OBJC_ISA_USAGE = YES_ERROR;
				CLANG_WARN_DOCUMENTATION_COMMENTS = YES;
				CLANG_WARN_EMPTY_BODY = YES;
				CLANG_WARN_ENUM_CONVERSION = YES;
				CLANG_WARN_INFINITE_RECURSION = YES;
				CLANG_WARN_INT_CONVERSION = YES;
				CLANG_WARN_NON_LITERAL_NULL_CONVERSION = YES;
				CLANG_WARN_OBJC_IMPLICIT_RETAIN_SELF = YES;
				CLANG_WARN_OBJC_LITERAL_CONVERSION = YES;
				CLANG_WARN_OBJC_ROOT_CLASS = YES_ERROR;
				CLANG_WARN_QUOTED_INCLUDE_IN_FRAMEWORK_HEADER = YES;
				CLANG_WARN_RANGE_LOOP_ANALYSIS = YES;
				CLANG_WARN_STRICT_PROTOTYPES = YES;
				CLANG_WARN_SUSPICIOUS_MOVE = YES;
				CLANG_WARN_UNGUARDED_AVAILABILITY = YES_AGGRESSIVE;
				CLANG_WARN_UNREACHABLE_CODE = YES;
				CLANG_WARN__DUPLICATE_METHOD_MATCH = YES;
				COPY_PHASE_STRIP = NO;
				DEBUG_INFORMATION_FORMAT = "dwarf-with-dsym";
				ENABLE_NS_ASSERTIONS = NO;
				ENABLE_STRICT_OBJC_MSGSEND = YES;
				GCC_C_LANGUAGE_STANDARD = gnu11;
				GCC_NO_COMMON_BLOCKS = YES;
				GCC_WARN_64_TO_32_BIT_CONVERSION = YES;
				GCC_WARN_ABOUT_RETURN_TYPE = YES_ERROR;
				GCC_WARN_UNDECLARED_SELECTOR = YES;
				GCC_WARN_UNINITIALIZED_AUTOS = YES_AGGRESSIVE;
				GCC_WARN_UNUSED_FUNCTION = YES;
				GCC_WARN_UNUSED_VARIABLE = YES;
				IPHONEOS_DEPLOYMENT_TARGET = 14.0;
				MTL_ENABLE_DEBUG_INFO = NO;
				MTL_FAST_MATH = YES;
				SDKROOT = iphoneos;
				SWIFT_COMPILATION_MODE = wholemodule;
				SWIFT_OPTIMIZATION_LEVEL = "-O";
				VALIDATE_PRODUCT = YES;
			};
			name = Release;
		};
		6CBEFA342703270F002A354C /* Debug */ = {
			isa = XCBuildConfiguration;
			baseConfigurationReference = 0C3C2D6D5F674E4132B8897B /* Pods-woogie-Instagram.debug.xcconfig */;
			buildSettings = {
				ASSETCATALOG_COMPILER_APPICON_NAME = AppIcon;
				ASSETCATALOG_COMPILER_GLOBAL_ACCENT_COLOR_NAME = AccentColor;
				CODE_SIGN_STYLE = Automatic;
				CURRENT_PROJECT_VERSION = 1;
				DEVELOPMENT_TEAM = C3V7CV8375;
				GENERATE_INFOPLIST_FILE = YES;
				INFOPLIST_FILE = "woogie-Instagram/Info.plist";
				INFOPLIST_KEY_UIApplicationSupportsIndirectInputEvents = YES;
				INFOPLIST_KEY_UILaunchStoryboardName = LaunchScreen;
				INFOPLIST_KEY_UIMainStoryboardFile = Main;
				INFOPLIST_KEY_UISupportedInterfaceOrientations = UIInterfaceOrientationPortrait;
				INFOPLIST_KEY_UISupportedInterfaceOrientations_iPad = "UIInterfaceOrientationPortrait UIInterfaceOrientationPortraitUpsideDown UIInterfaceOrientationLandscapeLeft UIInterfaceOrientationLandscapeRight";
				INFOPLIST_KEY_UISupportedInterfaceOrientations_iPhone = "UIInterfaceOrientationPortrait UIInterfaceOrientationLandscapeLeft UIInterfaceOrientationLandscapeRight";
				IPHONEOS_DEPLOYMENT_TARGET = 14.0;
				LD_RUNPATH_SEARCH_PATHS = (
					"$(inherited)",
					"@executable_path/Frameworks",
				);
				MARKETING_VERSION = 1.0;
				PRODUCT_BUNDLE_IDENTIFIER = "jaewook.woogie-Instagram";
				PRODUCT_NAME = "$(TARGET_NAME)";
				SWIFT_EMIT_LOC_STRINGS = YES;
				SWIFT_VERSION = 5.0;
				TARGETED_DEVICE_FAMILY = "1,2";
			};
			name = Debug;
		};
		6CBEFA352703270F002A354C /* Release */ = {
			isa = XCBuildConfiguration;
			baseConfigurationReference = D7334941AA76ED6E237290BB /* Pods-woogie-Instagram.release.xcconfig */;
			buildSettings = {
				ASSETCATALOG_COMPILER_APPICON_NAME = AppIcon;
				ASSETCATALOG_COMPILER_GLOBAL_ACCENT_COLOR_NAME = AccentColor;
				CODE_SIGN_STYLE = Automatic;
				CURRENT_PROJECT_VERSION = 1;
				DEVELOPMENT_TEAM = C3V7CV8375;
				GENERATE_INFOPLIST_FILE = YES;
				INFOPLIST_FILE = "woogie-Instagram/Info.plist";
				INFOPLIST_KEY_UIApplicationSupportsIndirectInputEvents = YES;
				INFOPLIST_KEY_UILaunchStoryboardName = LaunchScreen;
				INFOPLIST_KEY_UIMainStoryboardFile = Main;
				INFOPLIST_KEY_UISupportedInterfaceOrientations = UIInterfaceOrientationPortrait;
				INFOPLIST_KEY_UISupportedInterfaceOrientations_iPad = "UIInterfaceOrientationPortrait UIInterfaceOrientationPortraitUpsideDown UIInterfaceOrientationLandscapeLeft UIInterfaceOrientationLandscapeRight";
				INFOPLIST_KEY_UISupportedInterfaceOrientations_iPhone = "UIInterfaceOrientationPortrait UIInterfaceOrientationLandscapeLeft UIInterfaceOrientationLandscapeRight";
				IPHONEOS_DEPLOYMENT_TARGET = 14.0;
				LD_RUNPATH_SEARCH_PATHS = (
					"$(inherited)",
					"@executable_path/Frameworks",
				);
				MARKETING_VERSION = 1.0;
				PRODUCT_BUNDLE_IDENTIFIER = "jaewook.woogie-Instagram";
				PRODUCT_NAME = "$(TARGET_NAME)";
				SWIFT_EMIT_LOC_STRINGS = YES;
				SWIFT_VERSION = 5.0;
				TARGETED_DEVICE_FAMILY = "1,2";
			};
			name = Release;
		};
/* End XCBuildConfiguration section */

/* Begin XCConfigurationList section */
		6CBEFA172703270B002A354C /* Build configuration list for PBXProject "woogie-Instagram" */ = {
			isa = XCConfigurationList;
			buildConfigurations = (
				6CBEFA312703270F002A354C /* Debug */,
				6CBEFA322703270F002A354C /* Release */,
			);
			defaultConfigurationIsVisible = 0;
			defaultConfigurationName = Release;
		};
		6CBEFA332703270F002A354C /* Build configuration list for PBXNativeTarget "woogie-Instagram" */ = {
			isa = XCConfigurationList;
			buildConfigurations = (
				6CBEFA342703270F002A354C /* Debug */,
				6CBEFA352703270F002A354C /* Release */,
			);
			defaultConfigurationIsVisible = 0;
			defaultConfigurationName = Release;
		};
/* End XCConfigurationList section */

/* Begin XCVersionGroup section */
		6CBEFA282703270B002A354C /* woogie_Instagram.xcdatamodeld */ = {
			isa = XCVersionGroup;
			children = (
				6CBEFA292703270B002A354C /* woogie_Instagram.xcdatamodel */,
			);
			currentVersion = 6CBEFA292703270B002A354C /* woogie_Instagram.xcdatamodel */;
			path = woogie_Instagram.xcdatamodeld;
			sourceTree = "<group>";
			versionGroupType = wrapper.xcdatamodel;
		};
/* End XCVersionGroup section */
	};
	rootObject = 6CBEFA142703270B002A354C /* Project object */;
}
